// !$*UTF8*$!
{
	archiveVersion = 1;
	classes = {
	};
	objectVersion = 50;
	objects = {

/* Begin PBXBuildFile section */
		87AE242E2405B0C6008C9088 /* AppDelegate.swift in Sources */ = {isa = PBXBuildFile; fileRef = 87AE242D2405B0C6008C9088 /* AppDelegate.swift */; };
		87AE24302405B0C6008C9088 /* SceneDelegate.swift in Sources */ = {isa = PBXBuildFile; fileRef = 87AE242F2405B0C6008C9088 /* SceneDelegate.swift */; };
		87AE24322405B0C6008C9088 /* ContentView.swift in Sources */ = {isa = PBXBuildFile; fileRef = 87AE24312405B0C6008C9088 /* ContentView.swift */; };
		87AE24342405B0C8008C9088 /* Assets.xcassets in Resources */ = {isa = PBXBuildFile; fileRef = 87AE24332405B0C8008C9088 /* Assets.xcassets */; };
		87AE24372405B0C8008C9088 /* Preview Assets.xcassets in Resources */ = {isa = PBXBuildFile; fileRef = 87AE24362405B0C8008C9088 /* Preview Assets.xcassets */; };
		87AE243A2405B0C8008C9088 /* LaunchScreen.storyboard in Resources */ = {isa = PBXBuildFile; fileRef = 87AE24382405B0C8008C9088 /* LaunchScreen.storyboard */; };
		87AE24432405B243008C9088 /* BetterRest.csv in Resources */ = {isa = PBXBuildFile; fileRef = 87AE24412405B243008C9088 /* BetterRest.csv */; };
		87AE24442405B243008C9088 /* SleepCalculator.mlmodel in Sources */ = {isa = PBXBuildFile; fileRef = 87AE24422405B243008C9088 /* SleepCalculator.mlmodel */; };
/* End PBXBuildFile section */

/* Begin PBXFileReference section */
		87AE242A2405B0C6008C9088 /* Project 4.app */ = {isa = PBXFileReference; explicitFileType = wrapper.application; includeInIndex = 0; path = "Project 4.app"; sourceTree = BUILT_PRODUCTS_DIR; };
		87AE242D2405B0C6008C9088 /* AppDelegate.swift */ = {isa = PBXFileReference; lastKnownFileType = sourcecode.swift; path = AppDelegate.swift; sourceTree = "<group>"; };
		87AE242F2405B0C6008C9088 /* SceneDelegate.swift */ = {isa = PBXFileReference; lastKnownFileType = sourcecode.swift; path = SceneDelegate.swift; sourceTree = "<group>"; };
		87AE24312405B0C6008C9088 /* ContentView.swift */ = {isa = PBXFileReference; lastKnownFileType = sourcecode.swift; path = ContentView.swift; sourceTree = "<group>"; };
		87AE24332405B0C8008C9088 /* Assets.xcassets */ = {isa = PBXFileReference; lastKnownFileType = folder.assetcatalog; path = Assets.xcassets; sourceTree = "<group>"; };
		87AE24362405B0C8008C9088 /* Preview Assets.xcassets */ = {isa = PBXFileReference; lastKnownFileType = folder.assetcatalog; path = "Preview Assets.xcassets"; sourceTree = "<group>"; };
		87AE24392405B0C8008C9088 /* Base */ = {isa = PBXFileReference; lastKnownFileType = file.storyboard; name = Base; path = Base.lproj/LaunchScreen.storyboard; sourceTree = "<group>"; };
		87AE243B2405B0C8008C9088 /* Info.plist */ = {isa = PBXFileReference; lastKnownFileType = text.plist.xml; path = Info.plist; sourceTree = "<group>"; };
		87AE24412405B243008C9088 /* BetterRest.csv */ = {isa = PBXFileReference; fileEncoding = 4; lastKnownFileType = text; name = BetterRest.csv; path = "../../../Downloads/HackingWithSwift-master/SwiftUI/project4-files/BetterRest.csv"; sourceTree = "<group>"; };
		87AE24422405B243008C9088 /* SleepCalculator.mlmodel */ = {isa = PBXFileReference; lastKnownFileType = file.mlmodel; name = SleepCalculator.mlmodel; path = "../../../Downloads/HackingWithSwift-master/SwiftUI/project4-files/SleepCalculator.mlmodel"; sourceTree = "<group>"; };
/* End PBXFileReference section */

/* Begin PBXFrameworksBuildPhase section */
		87AE24272405B0C6008C9088 /* Frameworks */ = {
			isa = PBXFrameworksBuildPhase;
			buildActionMask = 2147483647;
			files = (
			);
			runOnlyForDeploymentPostprocessing = 0;
		};
/* End PBXFrameworksBuildPhase section */

/* Begin PBXGroup section */
		87AE24212405B0C6008C9088 = {
			isa = PBXGroup;
			children = (
				87AE242C2405B0C6008C9088 /* Project 4 */,
				87AE242B2405B0C6008C9088 /* Products */,
			);
			sourceTree = "<group>";
		};
		87AE242B2405B0C6008C9088 /* Products */ = {
			isa = PBXGroup;
			children = (
				87AE242A2405B0C6008C9088 /* Project 4.app */,
			);
			name = Products;
			sourceTree = "<group>";
		};
		87AE242C2405B0C6008C9088 /* Project 4 */ = {
			isa = PBXGroup;
			children = (
				87AE242D2405B0C6008C9088 /* AppDelegate.swift */,
				87AE242F2405B0C6008C9088 /* SceneDelegate.swift */,
				87AE24312405B0C6008C9088 /* ContentView.swift */,
				87AE24412405B243008C9088 /* BetterRest.csv */,
				87AE24422405B243008C9088 /* SleepCalculator.mlmodel */,
				87AE24332405B0C8008C9088 /* Assets.xcassets */,
				87AE24382405B0C8008C9088 /* LaunchScreen.storyboard */,
				87AE243B2405B0C8008C9088 /* Info.plist */,
				87AE24352405B0C8008C9088 /* Preview Content */,
			);
			path = "Project 4";
			sourceTree = "<group>";
		};
		87AE24352405B0C8008C9088 /* Preview Content */ = {
			isa = PBXGroup;
			children = (
				87AE24362405B0C8008C9088 /* Preview Assets.xcassets */,
			);
			path = "Preview Content";
			sourceTree = "<group>";
		};
/* End PBXGroup section */

/* Begin PBXNativeTarget section */
		87AE24292405B0C6008C9088 /* Project 4 */ = {
			isa = PBXNativeTarget;
			buildConfigurationList = 87AE243E2405B0C8008C9088 /* Build configuration list for PBXNativeTarget "Project 4" */;
			buildPhases = (
				87AE24262405B0C6008C9088 /* Sources */,
				87AE24272405B0C6008C9088 /* Frameworks */,
				87AE24282405B0C6008C9088 /* Resources */,
			);
			buildRules = (
			);
			dependencies = (
			);
			name = "Project 4";
			productName = "Project 4";
			productReference = 87AE242A2405B0C6008C9088 /* Project 4.app */;
			productType = "com.apple.product-type.application";
		};
/* End PBXNativeTarget section */

/* Begin PBXProject section */
		87AE24222405B0C6008C9088 /* Project object */ = {
			isa = PBXProject;
			attributes = {
				LastSwiftUpdateCheck = 1130;
				LastUpgradeCheck = 1130;
				ORGANIZATIONNAME = Reema;
				TargetAttributes = {
					87AE24292405B0C6008C9088 = {
						CreatedOnToolsVersion = 11.3.1;
					};
				};
			};
			buildConfigurationList = 87AE24252405B0C6008C9088 /* Build configuration list for PBXProject "Project 4" */;
			compatibilityVersion = "Xcode 9.3";
			developmentRegion = en;
			hasScannedForEncodings = 0;
			knownRegions = (
				en,
				Base,
			);
			mainGroup = 87AE24212405B0C6008C9088;
			productRefGroup = 87AE242B2405B0C6008C9088 /* Products */;
			projectDirPath = "";
			projectRoot = "";
			targets = (
				87AE24292405B0C6008C9088 /* Project 4 */,
			);
		};
/* End PBXProject section */

/* Begin PBXResourcesBuildPhase section */
		87AE24282405B0C6008C9088 /* Resources */ = {
			isa = PBXResourcesBuildPhase;
			buildActionMask = 2147483647;
			files = (
				87AE24432405B243008C9088 /* BetterRest.csv in Resources */,
				87AE243A2405B0C8008C9088 /* LaunchScreen.storyboard in Resources */,
				87AE24372405B0C8008C9088 /* Preview Assets.xcassets in Resources */,
				87AE24342405B0C8008C9088 /* Assets.xcassets in Resources */,
			);
			runOnlyForDeploymentPostprocessing = 0;
		};
/* End PBXResourcesBuildPhase section */

/* Begin PBXSourcesBuildPhase section */
		87AE24262405B0C6008C9088 /* Sources */ = {
			isa = PBXSourcesBuildPhase;
			buildActionMask = 2147483647;
			files = (
				87AE242E2405B0C6008C9088 /* AppDelegate.swift in Sources */,
				87AE24302405B0C6008C9088 /* SceneDelegate.swift in Sources */,
				87AE24442405B243008C9088 /* SleepCalculator.mlmodel in Sources */,
				87AE24322405B0C6008C9088 /* ContentView.swift in Sources */,
			);
			runOnlyForDeploymentPostprocessing = 0;
		};
/* End PBXSourcesBuildPhase section */

/* Begin PBXVariantGroup section */
		87AE24382405B0C8008C9088 /* LaunchScreen.storyboard */ = {
			isa = PBXVariantGroup;
			children = (
				87AE24392405B0C8008C9088 /* Base */,
			);
			name = LaunchScreen.storyboard;
			sourceTree = "<group>";
		};
/* End PBXVariantGroup section */

/* Begin XCBuildConfiguration section */
		87AE243C2405B0C8008C9088 /* Debug */ = {
			isa = XCBuildConfiguration;
			buildSettings = {
				ALWAYS_SEARCH_USER_PATHS = NO;
				CLANG_ANALYZER_NONNULL = YES;
				CLANG_ANALYZER_NUMBER_OBJECT_CONVERSION = YES_AGGRESSIVE;
				CLANG_CXX_LANGUAGE_STANDARD = "gnu++14";
				CLANG_CXX_LIBRARY = "libc++";
				CLANG_ENABLE_MODULES = YES;
				CLANG_ENABLE_OBJC_ARC = YES;
				CLANG_ENABLE_OBJC_WEAK = YES;
				CLANG_WARN_BLOCK_CAPTURE_AUTORELEASING = YES;
				CLANG_WARN_BOOL_CONVERSION = YES;
				CLANG_WARN_COMMA = YES;
				CLANG_WARN_CONSTANT_CONVERSION = YES;
				CLANG_WARN_DEPRECATED_OBJC_IMPLEMENTATIONS = YES;
				CLANG_WARN_DIRECT_OBJC_ISA_USAGE = YES_ERROR;
				CLANG_WARN_DOCUMENTATION_COMMENTS = YES;
				CLANG_WARN_EMPTY_BODY = YES;
				CLANG_WARN_ENUM_CONVERSION = YES;
				CLANG_WARN_INFINITE_RECURSION = YES;
				CLANG_WARN_INT_CONVERSION = YES;
				CLANG_WARN_NON_LITERAL_NULL_CONVERSION = YES;
				CLANG_WARN_OBJC_IMPLICIT_RETAIN_SELF = YES;
				CLANG_WARN_OBJC_LITERAL_CONVERSION = YES;
				CLANG_WARN_OBJC_ROOT_CLASS = YES_ERROR;
				CLANG_WARN_RANGE_LOOP_ANALYSIS = YES;
				CLANG_WARN_STRICT_PROTOTYPES = YES;
				CLANG_WARN_SUSPICIOUS_MOVE = YES;
				CLANG_WARN_UNGUARDED_AVAILABILITY = YES_AGGRESSIVE;
				CLANG_WARN_UNREACHABLE_CODE = YES;
				CLANG_WARN__DUPLICATE_METHOD_MATCH = YES;
				COPY_PHASE_STRIP = NO;
				DEBUG_INFORMATION_FORMAT = dwarf;
				ENABLE_STRICT_OBJC_MSGSEND = YES;
				ENABLE_TESTABILITY = YES;
				GCC_C_LANGUAGE_STANDARD = gnu11;
				GCC_DYNAMIC_NO_PIC = NO;
				GCC_NO_COMMON_BLOCKS = YES;
				GCC_OPTIMIZATION_LEVEL = 0;
				GCC_PREPROCESSOR_DEFINITIONS = (
					"DEBUG=1",
					"$(inherited)",
				);
				GCC_WARN_64_TO_32_BIT_CONVERSION = YES;
				GCC_WARN_ABOUT_RETURN_TYPE = YES_ERROR;
				GCC_WARN_UNDECLARED_SELECTOR = YES;
				GCC_WARN_UNINITIALIZED_AUTOS = YES_AGGRESSIVE;
				GCC_WARN_UNUSED_FUNCTION = YES;
				GCC_WARN_UNUSED_VARIABLE = YES;
				IPHONEOS_DEPLOYMENT_TARGET = 13.2;
				MTL_ENABLE_DEBUG_INFO = INCLUDE_SOURCE;
				MTL_FAST_MATH = YES;
				ONLY_ACTIVE_ARCH = YES;
				SDKROOT = iphoneos;
				SWIFT_ACTIVE_COMPILATION_CONDITIONS = DEBUG;
				SWIFT_OPTIMIZATION_LEVEL = "-Onone";
			};
			name = Debug;
		};
		87AE243D2405B0C8008C9088 /* Release */ = {
			isa = XCBuildConfiguration;
			buildSettings = {
				ALWAYS_SEARCH_USER_PATHS = NO;
				CLANG_ANALYZER_NONNULL = YES;
				CLANG_ANALYZER_NUMBER_OBJECT_CONVERSION = YES_AGGRESSIVE;
				CLANG_CXX_LANGUAGE_STANDARD = "gnu++14";
				CLANG_CXX_LIBRARY = "libc++";
				CLANG_ENABLE_MODULES = YES;
				CLANG_ENABLE_OBJC_ARC = YES;
				CLANG_ENABLE_OBJC_WEAK = YES;
				CLANG_WARN_BLOCK_CAPTURE_AUTORELEASING = YES;
				CLANG_WARN_BOOL_CONVERSION = YES;
				CLANG_WARN_COMMA = YES;
				CLANG_WARN_CONSTANT_CONVERSION = YES;
				CLANG_WARN_DEPRECATED_OBJC_IMPLEMENTATIONS = YES;
				CLANG_WARN_DIRECT_OBJC_ISA_USAGE = YES_ERROR;
				CLANG_WARN_DOCUMENTATION_COMMENTS = YES;
				CLANG_WARN_EMPTY_BODY = YES;
				CLANG_WARN_ENUM_CONVERSION = YES;
				CLANG_WARN_INFINITE_RECURSION = YES;
				CLANG_WARN_INT_CONVERSION = YES;
				CLANG_WARN_NON_LITERAL_NULL_CONVERSION = YES;
				CLANG_WARN_OBJC_IMPLICIT_RETAIN_SELF = YES;
				CLANG_WARN_OBJC_LITERAL_CONVERSION = YES;
				CLANG_WARN_OBJC_ROOT_CLASS = YES_ERROR;
				CLANG_WARN_RANGE_LOOP_ANALYSIS = YES;
				CLANG_WARN_STRICT_PROTOTYPES = YES;
				CLANG_WARN_SUSPICIOUS_MOVE = YES;
				CLANG_WARN_UNGUARDED_AVAILABILITY = YES_AGGRESSIVE;
				CLANG_WARN_UNREACHABLE_CODE = YES;
				CLANG_WARN__DUPLICATE_METHOD_MATCH = YES;
				COPY_PHASE_STRIP = NO;
				DEBUG_INFORMATION_FORMAT = "dwarf-with-dsym";
				ENABLE_NS_ASSERTIONS = NO;
				ENABLE_STRICT_OBJC_MSGSEND = YES;
				GCC_C_LANGUAGE_STANDARD = gnu11;
				GCC_NO_COMMON_BLOCKS = YES;
				GCC_WARN_64_TO_32_BIT_CONVERSION = YES;
				GCC_WARN_ABOUT_RETURN_TYPE = YES_ERROR;
				GCC_WARN_UNDECLARED_SELECTOR = YES;
				GCC_WARN_UNINITIALIZED_AUTOS = YES_AGGRESSIVE;
				GCC_WARN_UNUSED_FUNCTION = YES;
				GCC_WARN_UNUSED_VARIABLE = YES;
				IPHONEOS_DEPLOYMENT_TARGET = 13.2;
				MTL_ENABLE_DEBUG_INFO = NO;
				MTL_FAST_MATH = YES;
				SDKROOT = iphoneos;
				SWIFT_COMPILATION_MODE = wholemodule;
				SWIFT_OPTIMIZATION_LEVEL = "-O";
				VALIDATE_PRODUCT = YES;
			};
			name = Release;
		};
		87AE243F2405B0C8008C9088 /* Debug */ = {
			isa = XCBuildConfiguration;
			buildSettings = {
				ASSETCATALOG_COMPILER_APPICON_NAME = AppIcon;
				CODE_SIGN_STYLE = Automatic;
				DEVELOPMENT_ASSET_PATHS = "\"Project 4/Preview Content\"";
				DEVELOPMENT_TEAM = 5ULGQDYX3V;
				ENABLE_PREVIEWS = YES;
				INFOPLIST_FILE = "Project 4/Info.plist";
				LD_RUNPATH_SEARCH_PATHS = (
					"$(inherited)",
					"@executable_path/Frameworks",
				);
				PRODUCT_BUNDLE_IDENTIFIER = "Reema.Project-4";
				PRODUCT_NAME = "$(TARGET_NAME)";
				SWIFT_VERSION = 5.0;
				TARGETED_DEVICE_FAMILY = "1,2";
			};
			name = Debug;
		};
		87AE24402405B0C8008C9088 /* Release */ = {
			isa = XCBuildConfiguration;
			buildSettings = {
				ASSETCATALOG_COMPILER_APPICON_NAME = AppIcon;
				CODE_SIGN_STYLE = Automatic;
				DEVELOPMENT_ASSET_PATHS = "\"Project 4/Preview Content\"";
				DEVELOPMENT_TEAM = 5ULGQDYX3V;
				ENABLE_PREVIEWS = YES;
				INFOPLIST_FILE = "Project 4/Info.plist";
				LD_RUNPATH_SEARCH_PATHS = (
					"$(inherited)",
					"@executable_path/Frameworks",
				);
				PRODUCT_BUNDLE_IDENTIFIER = "Reema.Project-4";
				PRODUCT_NAME = "$(TARGET_NAME)";
				SWIFT_VERSION = 5.0;
				TARGETED_DEVICE_FAMILY = "1,2";
			};
			name = Release;
		};
/* End XCBuildConfiguration section */

/* Begin XCConfigurationList section */
		87AE24252405B0C6008C9088 /* Build configuration list for PBXProject "Project 4" */ = {
			isa = XCConfigurationList;
			buildConfigurations = (
				87AE243C2405B0C8008C9088 /* Debug */,
				87AE243D2405B0C8008C9088 /* Release */,
			);
			defaultConfigurationIsVisible = 0;
			defaultConfigurationName = Release;
		};
		87AE243E2405B0C8008C9088 /* Build configuration list for PBXNativeTarget "Project 4" */ = {
			isa = XCConfigurationList;
			buildConfigurations = (
				87AE243F2405B0C8008C9088 /* Debug */,
				87AE24402405B0C8008C9088 /* Release */,
			);
			defaultConfigurationIsVisible = 0;
			defaultConfigurationName = Release;
		};
/* End XCConfigurationList section */
	};
	rootObject = 87AE24222405B0C6008C9088 /* Project object */;
}
