// !$*UTF8*$!
{
	archiveVersion = 1;
	classes = {
	};
	objectVersion = 50;
	objects = {

/* Begin PBXBuildFile section */
		87A2A548243CF28A00ED7385 /* AppDelegate.swift in Sources */ = {isa = PBXBuildFile; fileRef = 87A2A547243CF28A00ED7385 /* AppDelegate.swift */; };
		87A2A54A243CF28A00ED7385 /* SceneDelegate.swift in Sources */ = {isa = PBXBuildFile; fileRef = 87A2A549243CF28A00ED7385 /* SceneDelegate.swift */; };
		87A2A54C243CF28A00ED7385 /* ContentView.swift in Sources */ = {isa = PBXBuildFile; fileRef = 87A2A54B243CF28A00ED7385 /* ContentView.swift */; };
		87A2A54E243CF28B00ED7385 /* Assets.xcassets in Resources */ = {isa = PBXBuildFile; fileRef = 87A2A54D243CF28B00ED7385 /* Assets.xcassets */; };
		87A2A551243CF28B00ED7385 /* Preview Assets.xcassets in Resources */ = {isa = PBXBuildFile; fileRef = 87A2A550243CF28B00ED7385 /* Preview Assets.xcassets */; };
		87A2A554243CF28B00ED7385 /* LaunchScreen.storyboard in Resources */ = {isa = PBXBuildFile; fileRef = 87A2A552243CF28B00ED7385 /* LaunchScreen.storyboard */; };
		87A7CA2D2442081E00F270D2 /* Order.swift in Sources */ = {isa = PBXBuildFile; fileRef = 87A7CA2C2442081D00F270D2 /* Order.swift */; };
		87A7CA2F244209DA00F270D2 /* AddressView.swift in Sources */ = {isa = PBXBuildFile; fileRef = 87A7CA2E244209DA00F270D2 /* AddressView.swift */; };
		87A7CA3124420B6F00F270D2 /* CheckoutView.swift in Sources */ = {isa = PBXBuildFile; fileRef = 87A7CA3024420B6F00F270D2 /* CheckoutView.swift */; };
/* End PBXBuildFile section */

/* Begin PBXFileReference section */
		87A2A544243CF28A00ED7385 /* Cupcake Corner.app */ = {isa = PBXFileReference; explicitFileType = wrapper.application; includeInIndex = 0; path = "Cupcake Corner.app"; sourceTree = BUILT_PRODUCTS_DIR; };
		87A2A547243CF28A00ED7385 /* AppDelegate.swift */ = {isa = PBXFileReference; lastKnownFileType = sourcecode.swift; path = AppDelegate.swift; sourceTree = "<group>"; };
		87A2A549243CF28A00ED7385 /* SceneDelegate.swift */ = {isa = PBXFileReference; lastKnownFileType = sourcecode.swift; path = SceneDelegate.swift; sourceTree = "<group>"; };
		87A2A54B243CF28A00ED7385 /* ContentView.swift */ = {isa = PBXFileReference; lastKnownFileType = sourcecode.swift; path = ContentView.swift; sourceTree = "<group>"; };
		87A2A54D243CF28B00ED7385 /* Assets.xcassets */ = {isa = PBXFileReference; lastKnownFileType = folder.assetcatalog; path = Assets.xcassets; sourceTree = "<group>"; };
		87A2A550243CF28B00ED7385 /* Preview Assets.xcassets */ = {isa = PBXFileReference; lastKnownFileType = folder.assetcatalog; path = "Preview Assets.xcassets"; sourceTree = "<group>"; };
		87A2A553243CF28B00ED7385 /* Base */ = {isa = PBXFileReference; lastKnownFileType = file.storyboard; name = Base; path = Base.lproj/LaunchScreen.storyboard; sourceTree = "<group>"; };
		87A2A555243CF28B00ED7385 /* Info.plist */ = {isa = PBXFileReference; lastKnownFileType = text.plist.xml; path = Info.plist; sourceTree = "<group>"; };
		87A7CA2C2442081D00F270D2 /* Order.swift */ = {isa = PBXFileReference; lastKnownFileType = sourcecode.swift; path = Order.swift; sourceTree = "<group>"; };
		87A7CA2E244209DA00F270D2 /* AddressView.swift */ = {isa = PBXFileReference; lastKnownFileType = sourcecode.swift; path = AddressView.swift; sourceTree = "<group>"; };
		87A7CA3024420B6F00F270D2 /* CheckoutView.swift */ = {isa = PBXFileReference; lastKnownFileType = sourcecode.swift; path = CheckoutView.swift; sourceTree = "<group>"; };
/* End PBXFileReference section */

/* Begin PBXFrameworksBuildPhase section */
		87A2A541243CF28A00ED7385 /* Frameworks */ = {
			isa = PBXFrameworksBuildPhase;
			buildActionMask = 2147483647;
			files = (
			);
			runOnlyForDeploymentPostprocessing = 0;
		};
/* End PBXFrameworksBuildPhase section */

/* Begin PBXGroup section */
		87A2A53B243CF28A00ED7385 = {
			isa = PBXGroup;
			children = (
				87A2A546243CF28A00ED7385 /* Cupcake Corner */,
				87A2A545243CF28A00ED7385 /* Products */,
			);
			sourceTree = "<group>";
		};
		87A2A545243CF28A00ED7385 /* Products */ = {
			isa = PBXGroup;
			children = (
				87A2A544243CF28A00ED7385 /* Cupcake Corner.app */,
			);
			name = Products;
			sourceTree = "<group>";
		};
		87A2A546243CF28A00ED7385 /* Cupcake Corner */ = {
			isa = PBXGroup;
			children = (
				87A2A547243CF28A00ED7385 /* AppDelegate.swift */,
				87A2A549243CF28A00ED7385 /* SceneDelegate.swift */,
				87A2A54B243CF28A00ED7385 /* ContentView.swift */,
				87A7CA2C2442081D00F270D2 /* Order.swift */,
				87A7CA2E244209DA00F270D2 /* AddressView.swift */,
				87A7CA3024420B6F00F270D2 /* CheckoutView.swift */,
				87A2A54D243CF28B00ED7385 /* Assets.xcassets */,
				87A2A552243CF28B00ED7385 /* LaunchScreen.storyboard */,
				87A2A555243CF28B00ED7385 /* Info.plist */,
				87A2A54F243CF28B00ED7385 /* Preview Content */,
			);
			path = "Cupcake Corner";
			sourceTree = "<group>";
		};
		87A2A54F243CF28B00ED7385 /* Preview Content */ = {
			isa = PBXGroup;
			children = (
				87A2A550243CF28B00ED7385 /* Preview Assets.xcassets */,
			);
			path = "Preview Content";
			sourceTree = "<group>";
		};
/* End PBXGroup section */

/* Begin PBXNativeTarget section */
		87A2A543243CF28A00ED7385 /* Cupcake Corner */ = {
			isa = PBXNativeTarget;
			buildConfigurationList = 87A2A558243CF28B00ED7385 /* Build configuration list for PBXNativeTarget "Cupcake Corner" */;
			buildPhases = (
				87A2A540243CF28A00ED7385 /* Sources */,
				87A2A541243CF28A00ED7385 /* Frameworks */,
				87A2A542243CF28A00ED7385 /* Resources */,
			);
			buildRules = (
			);
			dependencies = (
			);
			name = "Cupcake Corner";
			productName = "Cupcake Corner";
			productReference = 87A2A544243CF28A00ED7385 /* Cupcake Corner.app */;
			productType = "com.apple.product-type.application";
		};
/* End PBXNativeTarget section */

/* Begin PBXProject section */
		87A2A53C243CF28A00ED7385 /* Project object */ = {
			isa = PBXProject;
			attributes = {
				LastSwiftUpdateCheck = 1140;
				LastUpgradeCheck = 1140;
				ORGANIZATIONNAME = Reema;
				TargetAttributes = {
					87A2A543243CF28A00ED7385 = {
						CreatedOnToolsVersion = 11.4;
					};
				};
			};
			buildConfigurationList = 87A2A53F243CF28A00ED7385 /* Build configuration list for PBXProject "Cupcake Corner" */;
			compatibilityVersion = "Xcode 9.3";
			developmentRegion = en;
			hasScannedForEncodings = 0;
			knownRegions = (
				en,
				Base,
			);
			mainGroup = 87A2A53B243CF28A00ED7385;
			productRefGroup = 87A2A545243CF28A00ED7385 /* Products */;
			projectDirPath = "";
			projectRoot = "";
			targets = (
				87A2A543243CF28A00ED7385 /* Cupcake Corner */,
			);
		};
/* End PBXProject section */

/* Begin PBXResourcesBuildPhase section */
		87A2A542243CF28A00ED7385 /* Resources */ = {
			isa = PBXResourcesBuildPhase;
			buildActionMask = 2147483647;
			files = (
				87A2A554243CF28B00ED7385 /* LaunchScreen.storyboard in Resources */,
				87A2A551243CF28B00ED7385 /* Preview Assets.xcassets in Resources */,
				87A2A54E243CF28B00ED7385 /* Assets.xcassets in Resources */,
			);
			runOnlyForDeploymentPostprocessing = 0;
		};
/* End PBXResourcesBuildPhase section */

/* Begin PBXSourcesBuildPhase section */
		87A2A540243CF28A00ED7385 /* Sources */ = {
			isa = PBXSourcesBuildPhase;
			buildActionMask = 2147483647;
			files = (
				87A2A548243CF28A00ED7385 /* AppDelegate.swift in Sources */,
				87A2A54A243CF28A00ED7385 /* SceneDelegate.swift in Sources */,
				87A7CA3124420B6F00F270D2 /* CheckoutView.swift in Sources */,
				87A7CA2D2442081E00F270D2 /* Order.swift in Sources */,
				87A2A54C243CF28A00ED7385 /* ContentView.swift in Sources */,
				87A7CA2F244209DA00F270D2 /* AddressView.swift in Sources */,
			);
			runOnlyForDeploymentPostprocessing = 0;
		};
/* End PBXSourcesBuildPhase section */

/* Begin PBXVariantGroup section */
		87A2A552243CF28B00ED7385 /* LaunchScreen.storyboard */ = {
			isa = PBXVariantGroup;
			children = (
				87A2A553243CF28B00ED7385 /* Base */,
			);
			name = LaunchScreen.storyboard;
			sourceTree = "<group>";
		};
/* End PBXVariantGroup section */

/* Begin XCBuildConfiguration section */
		87A2A556243CF28B00ED7385 /* Debug */ = {
			isa = XCBuildConfiguration;
			buildSettings = {
				ALWAYS_SEARCH_USER_PATHS = NO;
				CLANG_ANALYZER_NONNULL = YES;
				CLANG_ANALYZER_NUMBER_OBJECT_CONVERSION = YES_AGGRESSIVE;
				CLANG_CXX_LANGUAGE_STANDARD = "gnu++14";
				CLANG_CXX_LIBRARY = "libc++";
				CLANG_ENABLE_MODULES = YES;
				CLANG_ENABLE_OBJC_ARC = YES;
				CLANG_ENABLE_OBJC_WEAK = YES;
				CLANG_WARN_BLOCK_CAPTURE_AUTORELEASING = YES;
				CLANG_WARN_BOOL_CONVERSION = YES;
				CLANG_WARN_COMMA = YES;
				CLANG_WARN_CONSTANT_CONVERSION = YES;
				CLANG_WARN_DEPRECATED_OBJC_IMPLEMENTATIONS = YES;
				CLANG_WARN_DIRECT_OBJC_ISA_USAGE = YES_ERROR;
				CLANG_WARN_DOCUMENTATION_COMMENTS = YES;
				CLANG_WARN_EMPTY_BODY = YES;
				CLANG_WARN_ENUM_CONVERSION = YES;
				CLANG_WARN_INFINITE_RECURSION = YES;
				CLANG_WARN_INT_CONVERSION = YES;
				CLANG_WARN_NON_LITERAL_NULL_CONVERSION = YES;
				CLANG_WARN_OBJC_IMPLICIT_RETAIN_SELF = YES;
				CLANG_WARN_OBJC_LITERAL_CONVERSION = YES;
				CLANG_WARN_OBJC_ROOT_CLASS = YES_ERROR;
				CLANG_WARN_RANGE_LOOP_ANALYSIS = YES;
				CLANG_WARN_STRICT_PROTOTYPES = YES;
				CLANG_WARN_SUSPICIOUS_MOVE = YES;
				CLANG_WARN_UNGUARDED_AVAILABILITY = YES_AGGRESSIVE;
				CLANG_WARN_UNREACHABLE_CODE = YES;
				CLANG_WARN__DUPLICATE_METHOD_MATCH = YES;
				COPY_PHASE_STRIP = NO;
				DEBUG_INFORMATION_FORMAT = dwarf;
				ENABLE_STRICT_OBJC_MSGSEND = YES;
				ENABLE_TESTABILITY = YES;
				GCC_C_LANGUAGE_STANDARD = gnu11;
				GCC_DYNAMIC_NO_PIC = NO;
				GCC_NO_COMMON_BLOCKS = YES;
				GCC_OPTIMIZATION_LEVEL = 0;
				GCC_PREPROCESSOR_DEFINITIONS = (
					"DEBUG=1",
					"$(inherited)",
				);
				GCC_WARN_64_TO_32_BIT_CONVERSION = YES;
				GCC_WARN_ABOUT_RETURN_TYPE = YES_ERROR;
				GCC_WARN_UNDECLARED_SELECTOR = YES;
				GCC_WARN_UNINITIALIZED_AUTOS = YES_AGGRESSIVE;
				GCC_WARN_UNUSED_FUNCTION = YES;
				GCC_WARN_UNUSED_VARIABLE = YES;
				IPHONEOS_DEPLOYMENT_TARGET = 13.4;
				MTL_ENABLE_DEBUG_INFO = INCLUDE_SOURCE;
				MTL_FAST_MATH = YES;
				ONLY_ACTIVE_ARCH = YES;
				SDKROOT = iphoneos;
				SWIFT_ACTIVE_COMPILATION_CONDITIONS = DEBUG;
				SWIFT_OPTIMIZATION_LEVEL = "-Onone";
			};
			name = Debug;
		};
		87A2A557243CF28B00ED7385 /* Release */ = {
			isa = XCBuildConfiguration;
			buildSettings = {
				ALWAYS_SEARCH_USER_PATHS = NO;
				CLANG_ANALYZER_NONNULL = YES;
				CLANG_ANALYZER_NUMBER_OBJECT_CONVERSION = YES_AGGRESSIVE;
				CLANG_CXX_LANGUAGE_STANDARD = "gnu++14";
				CLANG_CXX_LIBRARY = "libc++";
				CLANG_ENABLE_MODULES = YES;
				CLANG_ENABLE_OBJC_ARC = YES;
				CLANG_ENABLE_OBJC_WEAK = YES;
				CLANG_WARN_BLOCK_CAPTURE_AUTORELEASING = YES;
				CLANG_WARN_BOOL_CONVERSION = YES;
				CLANG_WARN_COMMA = YES;
				CLANG_WARN_CONSTANT_CONVERSION = YES;
				CLANG_WARN_DEPRECATED_OBJC_IMPLEMENTATIONS = YES;
				CLANG_WARN_DIRECT_OBJC_ISA_USAGE = YES_ERROR;
				CLANG_WARN_DOCUMENTATION_COMMENTS = YES;
				CLANG_WARN_EMPTY_BODY = YES;
				CLANG_WARN_ENUM_CONVERSION = YES;
				CLANG_WARN_INFINITE_RECURSION = YES;
				CLANG_WARN_INT_CONVERSION = YES;
				CLANG_WARN_NON_LITERAL_NULL_CONVERSION = YES;
				CLANG_WARN_OBJC_IMPLICIT_RETAIN_SELF = YES;
				CLANG_WARN_OBJC_LITERAL_CONVERSION = YES;
				CLANG_WARN_OBJC_ROOT_CLASS = YES_ERROR;
				CLANG_WARN_RANGE_LOOP_ANALYSIS = YES;
				CLANG_WARN_STRICT_PROTOTYPES = YES;
				CLANG_WARN_SUSPICIOUS_MOVE = YES;
				CLANG_WARN_UNGUARDED_AVAILABILITY = YES_AGGRESSIVE;
				CLANG_WARN_UNREACHABLE_CODE = YES;
				CLANG_WARN__DUPLICATE_METHOD_MATCH = YES;
				COPY_PHASE_STRIP = NO;
				DEBUG_INFORMATION_FORMAT = "dwarf-with-dsym";
				ENABLE_NS_ASSERTIONS = NO;
				ENABLE_STRICT_OBJC_MSGSEND = YES;
				GCC_C_LANGUAGE_STANDARD = gnu11;
				GCC_NO_COMMON_BLOCKS = YES;
				GCC_WARN_64_TO_32_BIT_CONVERSION = YES;
				GCC_WARN_ABOUT_RETURN_TYPE = YES_ERROR;
				GCC_WARN_UNDECLARED_SELECTOR = YES;
				GCC_WARN_UNINITIALIZED_AUTOS = YES_AGGRESSIVE;
				GCC_WARN_UNUSED_FUNCTION = YES;
				GCC_WARN_UNUSED_VARIABLE = YES;
				IPHONEOS_DEPLOYMENT_TARGET = 13.4;
				MTL_ENABLE_DEBUG_INFO = NO;
				MTL_FAST_MATH = YES;
				SDKROOT = iphoneos;
				SWIFT_COMPILATION_MODE = wholemodule;
				SWIFT_OPTIMIZATION_LEVEL = "-O";
				VALIDATE_PRODUCT = YES;
			};
			name = Release;
		};
		87A2A559243CF28B00ED7385 /* Debug */ = {
			isa = XCBuildConfiguration;
			buildSettings = {
				ASSETCATALOG_COMPILER_APPICON_NAME = AppIcon;
				CODE_SIGN_STYLE = Automatic;
				DEVELOPMENT_ASSET_PATHS = "\"Cupcake Corner/Preview Content\"";
				DEVELOPMENT_TEAM = 5ULGQDYX3V;
				ENABLE_PREVIEWS = YES;
				INFOPLIST_FILE = "Cupcake Corner/Info.plist";
				LD_RUNPATH_SEARCH_PATHS = (
					"$(inherited)",
					"@executable_path/Frameworks",
				);
				PRODUCT_BUNDLE_IDENTIFIER = "Reema.Cupcake-Corner";
				PRODUCT_NAME = "$(TARGET_NAME)";
				SWIFT_VERSION = 5.0;
				TARGETED_DEVICE_FAMILY = "1,2";
			};
			name = Debug;
		};
		87A2A55A243CF28B00ED7385 /* Release */ = {
			isa = XCBuildConfiguration;
			buildSettings = {
				ASSETCATALOG_COMPILER_APPICON_NAME = AppIcon;
				CODE_SIGN_STYLE = Automatic;
				DEVELOPMENT_ASSET_PATHS = "\"Cupcake Corner/Preview Content\"";
				DEVELOPMENT_TEAM = 5ULGQDYX3V;
				ENABLE_PREVIEWS = YES;
				INFOPLIST_FILE = "Cupcake Corner/Info.plist";
				LD_RUNPATH_SEARCH_PATHS = (
					"$(inherited)",
					"@executable_path/Frameworks",
				);
				PRODUCT_BUNDLE_IDENTIFIER = "Reema.Cupcake-Corner";
				PRODUCT_NAME = "$(TARGET_NAME)";
				SWIFT_VERSION = 5.0;
				TARGETED_DEVICE_FAMILY = "1,2";
			};
			name = Release;
		};
/* End XCBuildConfiguration section */

/* Begin XCConfigurationList section */
		87A2A53F243CF28A00ED7385 /* Build configuration list for PBXProject "Cupcake Corner" */ = {
			isa = XCConfigurationList;
			buildConfigurations = (
				87A2A556243CF28B00ED7385 /* Debug */,
				87A2A557243CF28B00ED7385 /* Release */,
			);
			defaultConfigurationIsVisible = 0;
			defaultConfigurationName = Release;
		};
		87A2A558243CF28B00ED7385 /* Build configuration list for PBXNativeTarget "Cupcake Corner" */ = {
			isa = XCConfigurationList;
			buildConfigurations = (
				87A2A559243CF28B00ED7385 /* Debug */,
				87A2A55A243CF28B00ED7385 /* Release */,
			);
			defaultConfigurationIsVisible = 0;
			defaultConfigurationName = Release;
		};
/* End XCConfigurationList section */
	};
	rootObject = 87A2A53C243CF28A00ED7385 /* Project object */;
}
