// !$*UTF8*$!
{
	archiveVersion = 1;
	classes = {
	};
	objectVersion = 50;
	objects = {

/* Begin PBXBuildFile section */
		87EAA373243775E6002376B4 /* AppDelegate.swift in Sources */ = {isa = PBXBuildFile; fileRef = 87EAA372243775E6002376B4 /* AppDelegate.swift */; };
		87EAA375243775E6002376B4 /* SceneDelegate.swift in Sources */ = {isa = PBXBuildFile; fileRef = 87EAA374243775E6002376B4 /* SceneDelegate.swift */; };
		87EAA377243775E6002376B4 /* ContentView.swift in Sources */ = {isa = PBXBuildFile; fileRef = 87EAA376243775E6002376B4 /* ContentView.swift */; };
		87EAA379243775E9002376B4 /* Assets.xcassets in Resources */ = {isa = PBXBuildFile; fileRef = 87EAA378243775E9002376B4 /* Assets.xcassets */; };
		87EAA37C243775E9002376B4 /* Preview Assets.xcassets in Resources */ = {isa = PBXBuildFile; fileRef = 87EAA37B243775E9002376B4 /* Preview Assets.xcassets */; };
		87EAA37F243775E9002376B4 /* LaunchScreen.storyboard in Resources */ = {isa = PBXBuildFile; fileRef = 87EAA37D243775E9002376B4 /* LaunchScreen.storyboard */; };
		87EAA38724377630002376B4 /* AstronautView.swift in Sources */ = {isa = PBXBuildFile; fileRef = 87EAA38624377630002376B4 /* AstronautView.swift */; };
		87EAA3892437764E002376B4 /* Mission.swift in Sources */ = {isa = PBXBuildFile; fileRef = 87EAA3882437764E002376B4 /* Mission.swift */; };
		87EAA38B24377664002376B4 /* Astronaut.swift in Sources */ = {isa = PBXBuildFile; fileRef = 87EAA38A24377664002376B4 /* Astronaut.swift */; };
		87EAA38D24377675002376B4 /* Bundle-Decodable.swift in Sources */ = {isa = PBXBuildFile; fileRef = 87EAA38C24377675002376B4 /* Bundle-Decodable.swift */; };
		87EAA38F24377687002376B4 /* MissionView.swift in Sources */ = {isa = PBXBuildFile; fileRef = 87EAA38E24377687002376B4 /* MissionView.swift */; };
		87EAA39524377968002376B4 /* astronauts.json in Resources */ = {isa = PBXBuildFile; fileRef = 87EAA39424377968002376B4 /* astronauts.json */; };
		87EAA3972437797B002376B4 /* missions.json in Resources */ = {isa = PBXBuildFile; fileRef = 87EAA3962437797B002376B4 /* missions.json */; };
/* End PBXBuildFile section */

/* Begin PBXFileReference section */
		87EAA36F243775E6002376B4 /* Moonshot.app */ = {isa = PBXFileReference; explicitFileType = wrapper.application; includeInIndex = 0; path = Moonshot.app; sourceTree = BUILT_PRODUCTS_DIR; };
		87EAA372243775E6002376B4 /* AppDelegate.swift */ = {isa = PBXFileReference; lastKnownFileType = sourcecode.swift; path = AppDelegate.swift; sourceTree = "<group>"; };
		87EAA374243775E6002376B4 /* SceneDelegate.swift */ = {isa = PBXFileReference; lastKnownFileType = sourcecode.swift; path = SceneDelegate.swift; sourceTree = "<group>"; };
		87EAA376243775E6002376B4 /* ContentView.swift */ = {isa = PBXFileReference; lastKnownFileType = sourcecode.swift; path = ContentView.swift; sourceTree = "<group>"; };
		87EAA378243775E9002376B4 /* Assets.xcassets */ = {isa = PBXFileReference; lastKnownFileType = folder.assetcatalog; path = Assets.xcassets; sourceTree = "<group>"; };
		87EAA37B243775E9002376B4 /* Preview Assets.xcassets */ = {isa = PBXFileReference; lastKnownFileType = folder.assetcatalog; path = "Preview Assets.xcassets"; sourceTree = "<group>"; };
		87EAA37E243775E9002376B4 /* Base */ = {isa = PBXFileReference; lastKnownFileType = file.storyboard; name = Base; path = Base.lproj/LaunchScreen.storyboard; sourceTree = "<group>"; };
		87EAA380243775E9002376B4 /* Info.plist */ = {isa = PBXFileReference; lastKnownFileType = text.plist.xml; path = Info.plist; sourceTree = "<group>"; };
		87EAA38624377630002376B4 /* AstronautView.swift */ = {isa = PBXFileReference; lastKnownFileType = sourcecode.swift; path = AstronautView.swift; sourceTree = "<group>"; };
		87EAA3882437764E002376B4 /* Mission.swift */ = {isa = PBXFileReference; lastKnownFileType = sourcecode.swift; path = Mission.swift; sourceTree = "<group>"; };
		87EAA38A24377664002376B4 /* Astronaut.swift */ = {isa = PBXFileReference; lastKnownFileType = sourcecode.swift; path = Astronaut.swift; sourceTree = "<group>"; };
		87EAA38C24377675002376B4 /* Bundle-Decodable.swift */ = {isa = PBXFileReference; lastKnownFileType = sourcecode.swift; path = "Bundle-Decodable.swift"; sourceTree = "<group>"; };
		87EAA38E24377687002376B4 /* MissionView.swift */ = {isa = PBXFileReference; lastKnownFileType = sourcecode.swift; path = MissionView.swift; sourceTree = "<group>"; };
		87EAA39424377968002376B4 /* astronauts.json */ = {isa = PBXFileReference; fileEncoding = 4; lastKnownFileType = text.json; name = astronauts.json; path = "../../../Downloads/HackingWithSwift-master/SwiftUI/project8-files/astronauts.json"; sourceTree = "<group>"; };
		87EAA3962437797B002376B4 /* missions.json */ = {isa = PBXFileReference; fileEncoding = 4; lastKnownFileType = text.json; name = missions.json; path = "../../../Downloads/HackingWithSwift-master/SwiftUI/project8-files/missions.json"; sourceTree = "<group>"; };
/* End PBXFileReference section */

/* Begin PBXFrameworksBuildPhase section */
		87EAA36C243775E6002376B4 /* Frameworks */ = {
			isa = PBXFrameworksBuildPhase;
			buildActionMask = 2147483647;
			files = (
			);
			runOnlyForDeploymentPostprocessing = 0;
		};
/* End PBXFrameworksBuildPhase section */

/* Begin PBXGroup section */
		87EAA366243775E6002376B4 = {
			isa = PBXGroup;
			children = (
				87EAA371243775E6002376B4 /* Moonshot */,
				87EAA370243775E6002376B4 /* Products */,
			);
			sourceTree = "<group>";
		};
		87EAA370243775E6002376B4 /* Products */ = {
			isa = PBXGroup;
			children = (
				87EAA36F243775E6002376B4 /* Moonshot.app */,
			);
			name = Products;
			sourceTree = "<group>";
		};
		87EAA371243775E6002376B4 /* Moonshot */ = {
			isa = PBXGroup;
			children = (
				87EAA372243775E6002376B4 /* AppDelegate.swift */,
				87EAA374243775E6002376B4 /* SceneDelegate.swift */,
				87EAA376243775E6002376B4 /* ContentView.swift */,
				87EAA38624377630002376B4 /* AstronautView.swift */,
				87EAA38E24377687002376B4 /* MissionView.swift */,
				87EAA3882437764E002376B4 /* Mission.swift */,
				87EAA38A24377664002376B4 /* Astronaut.swift */,
				87EAA38C24377675002376B4 /* Bundle-Decodable.swift */,
				87EAA39424377968002376B4 /* astronauts.json */,
				87EAA3962437797B002376B4 /* missions.json */,
				87EAA378243775E9002376B4 /* Assets.xcassets */,
				87EAA37D243775E9002376B4 /* LaunchScreen.storyboard */,
				87EAA380243775E9002376B4 /* Info.plist */,
				87EAA37A243775E9002376B4 /* Preview Content */,
			);
			path = Moonshot;
			sourceTree = "<group>";
		};
		87EAA37A243775E9002376B4 /* Preview Content */ = {
			isa = PBXGroup;
			children = (
				87EAA37B243775E9002376B4 /* Preview Assets.xcassets */,
			);
			path = "Preview Content";
			sourceTree = "<group>";
		};
/* End PBXGroup section */

/* Begin PBXNativeTarget section */
		87EAA36E243775E6002376B4 /* Moonshot */ = {
			isa = PBXNativeTarget;
			buildConfigurationList = 87EAA383243775E9002376B4 /* Build configuration list for PBXNativeTarget "Moonshot" */;
			buildPhases = (
				87EAA36B243775E6002376B4 /* Sources */,
				87EAA36C243775E6002376B4 /* Frameworks */,
				87EAA36D243775E6002376B4 /* Resources */,
			);
			buildRules = (
			);
			dependencies = (
			);
			name = Moonshot;
			productName = Moonshot;
			productReference = 87EAA36F243775E6002376B4 /* Moonshot.app */;
			productType = "com.apple.product-type.application";
		};
/* End PBXNativeTarget section */

/* Begin PBXProject section */
		87EAA367243775E6002376B4 /* Project object */ = {
			isa = PBXProject;
			attributes = {
				LastSwiftUpdateCheck = 1140;
				LastUpgradeCheck = 1140;
				ORGANIZATIONNAME = Reema;
				TargetAttributes = {
					87EAA36E243775E6002376B4 = {
						CreatedOnToolsVersion = 11.4;
					};
				};
			};
			buildConfigurationList = 87EAA36A243775E6002376B4 /* Build configuration list for PBXProject "Moonshot" */;
			compatibilityVersion = "Xcode 9.3";
			developmentRegion = en;
			hasScannedForEncodings = 0;
			knownRegions = (
				en,
				Base,
			);
			mainGroup = 87EAA366243775E6002376B4;
			productRefGroup = 87EAA370243775E6002376B4 /* Products */;
			projectDirPath = "";
			projectRoot = "";
			targets = (
				87EAA36E243775E6002376B4 /* Moonshot */,
			);
		};
/* End PBXProject section */

/* Begin PBXResourcesBuildPhase section */
		87EAA36D243775E6002376B4 /* Resources */ = {
			isa = PBXResourcesBuildPhase;
			buildActionMask = 2147483647;
			files = (
				87EAA37F243775E9002376B4 /* LaunchScreen.storyboard in Resources */,
				87EAA3972437797B002376B4 /* missions.json in Resources */,
				87EAA37C243775E9002376B4 /* Preview Assets.xcassets in Resources */,
				87EAA379243775E9002376B4 /* Assets.xcassets in Resources */,
				87EAA39524377968002376B4 /* astronauts.json in Resources */,
			);
			runOnlyForDeploymentPostprocessing = 0;
		};
/* End PBXResourcesBuildPhase section */

/* Begin PBXSourcesBuildPhase section */
		87EAA36B243775E6002376B4 /* Sources */ = {
			isa = PBXSourcesBuildPhase;
			buildActionMask = 2147483647;
			files = (
				87EAA373243775E6002376B4 /* AppDelegate.swift in Sources */,
				87EAA38F24377687002376B4 /* MissionView.swift in Sources */,
				87EAA375243775E6002376B4 /* SceneDelegate.swift in Sources */,
				87EAA38724377630002376B4 /* AstronautView.swift in Sources */,
				87EAA38B24377664002376B4 /* Astronaut.swift in Sources */,
				87EAA3892437764E002376B4 /* Mission.swift in Sources */,
				87EAA38D24377675002376B4 /* Bundle-Decodable.swift in Sources */,
				87EAA377243775E6002376B4 /* ContentView.swift in Sources */,
			);
			runOnlyForDeploymentPostprocessing = 0;
		};
/* End PBXSourcesBuildPhase section */

/* Begin PBXVariantGroup section */
		87EAA37D243775E9002376B4 /* LaunchScreen.storyboard */ = {
			isa = PBXVariantGroup;
			children = (
				87EAA37E243775E9002376B4 /* Base */,
			);
			name = LaunchScreen.storyboard;
			sourceTree = "<group>";
		};
/* End PBXVariantGroup section */

/* Begin XCBuildConfiguration section */
		87EAA381243775E9002376B4 /* Debug */ = {
			isa = XCBuildConfiguration;
			buildSettings = {
				ALWAYS_SEARCH_USER_PATHS = NO;
				CLANG_ANALYZER_NONNULL = YES;
				CLANG_ANALYZER_NUMBER_OBJECT_CONVERSION = YES_AGGRESSIVE;
				CLANG_CXX_LANGUAGE_STANDARD = "gnu++14";
				CLANG_CXX_LIBRARY = "libc++";
				CLANG_ENABLE_MODULES = YES;
				CLANG_ENABLE_OBJC_ARC = YES;
				CLANG_ENABLE_OBJC_WEAK = YES;
				CLANG_WARN_BLOCK_CAPTURE_AUTORELEASING = YES;
				CLANG_WARN_BOOL_CONVERSION = YES;
				CLANG_WARN_COMMA = YES;
				CLANG_WARN_CONSTANT_CONVERSION = YES;
				CLANG_WARN_DEPRECATED_OBJC_IMPLEMENTATIONS = YES;
				CLANG_WARN_DIRECT_OBJC_ISA_USAGE = YES_ERROR;
				CLANG_WARN_DOCUMENTATION_COMMENTS = YES;
				CLANG_WARN_EMPTY_BODY = YES;
				CLANG_WARN_ENUM_CONVERSION = YES;
				CLANG_WARN_INFINITE_RECURSION = YES;
				CLANG_WARN_INT_CONVERSION = YES;
				CLANG_WARN_NON_LITERAL_NULL_CONVERSION = YES;
				CLANG_WARN_OBJC_IMPLICIT_RETAIN_SELF = YES;
				CLANG_WARN_OBJC_LITERAL_CONVERSION = YES;
				CLANG_WARN_OBJC_ROOT_CLASS = YES_ERROR;
				CLANG_WARN_RANGE_LOOP_ANALYSIS = YES;
				CLANG_WARN_STRICT_PROTOTYPES = YES;
				CLANG_WARN_SUSPICIOUS_MOVE = YES;
				CLANG_WARN_UNGUARDED_AVAILABILITY = YES_AGGRESSIVE;
				CLANG_WARN_UNREACHABLE_CODE = YES;
				CLANG_WARN__DUPLICATE_METHOD_MATCH = YES;
				COPY_PHASE_STRIP = NO;
				DEBUG_INFORMATION_FORMAT = dwarf;
				ENABLE_STRICT_OBJC_MSGSEND = YES;
				ENABLE_TESTABILITY = YES;
				GCC_C_LANGUAGE_STANDARD = gnu11;
				GCC_DYNAMIC_NO_PIC = NO;
				GCC_NO_COMMON_BLOCKS = YES;
				GCC_OPTIMIZATION_LEVEL = 0;
				GCC_PREPROCESSOR_DEFINITIONS = (
					"DEBUG=1",
					"$(inherited)",
				);
				GCC_WARN_64_TO_32_BIT_CONVERSION = YES;
				GCC_WARN_ABOUT_RETURN_TYPE = YES_ERROR;
				GCC_WARN_UNDECLARED_SELECTOR = YES;
				GCC_WARN_UNINITIALIZED_AUTOS = YES_AGGRESSIVE;
				GCC_WARN_UNUSED_FUNCTION = YES;
				GCC_WARN_UNUSED_VARIABLE = YES;
				IPHONEOS_DEPLOYMENT_TARGET = 13.4;
				MTL_ENABLE_DEBUG_INFO = INCLUDE_SOURCE;
				MTL_FAST_MATH = YES;
				ONLY_ACTIVE_ARCH = YES;
				SDKROOT = iphoneos;
				SWIFT_ACTIVE_COMPILATION_CONDITIONS = DEBUG;
				SWIFT_OPTIMIZATION_LEVEL = "-Onone";
			};
			name = Debug;
		};
		87EAA382243775E9002376B4 /* Release */ = {
			isa = XCBuildConfiguration;
			buildSettings = {
				ALWAYS_SEARCH_USER_PATHS = NO;
				CLANG_ANALYZER_NONNULL = YES;
				CLANG_ANALYZER_NUMBER_OBJECT_CONVERSION = YES_AGGRESSIVE;
				CLANG_CXX_LANGUAGE_STANDARD = "gnu++14";
				CLANG_CXX_LIBRARY = "libc++";
				CLANG_ENABLE_MODULES = YES;
				CLANG_ENABLE_OBJC_ARC = YES;
				CLANG_ENABLE_OBJC_WEAK = YES;
				CLANG_WARN_BLOCK_CAPTURE_AUTORELEASING = YES;
				CLANG_WARN_BOOL_CONVERSION = YES;
				CLANG_WARN_COMMA = YES;
				CLANG_WARN_CONSTANT_CONVERSION = YES;
				CLANG_WARN_DEPRECATED_OBJC_IMPLEMENTATIONS = YES;
				CLANG_WARN_DIRECT_OBJC_ISA_USAGE = YES_ERROR;
				CLANG_WARN_DOCUMENTATION_COMMENTS = YES;
				CLANG_WARN_EMPTY_BODY = YES;
				CLANG_WARN_ENUM_CONVERSION = YES;
				CLANG_WARN_INFINITE_RECURSION = YES;
				CLANG_WARN_INT_CONVERSION = YES;
				CLANG_WARN_NON_LITERAL_NULL_CONVERSION = YES;
				CLANG_WARN_OBJC_IMPLICIT_RETAIN_SELF = YES;
				CLANG_WARN_OBJC_LITERAL_CONVERSION = YES;
				CLANG_WARN_OBJC_ROOT_CLASS = YES_ERROR;
				CLANG_WARN_RANGE_LOOP_ANALYSIS = YES;
				CLANG_WARN_STRICT_PROTOTYPES = YES;
				CLANG_WARN_SUSPICIOUS_MOVE = YES;
				CLANG_WARN_UNGUARDED_AVAILABILITY = YES_AGGRESSIVE;
				CLANG_WARN_UNREACHABLE_CODE = YES;
				CLANG_WARN__DUPLICATE_METHOD_MATCH = YES;
				COPY_PHASE_STRIP = NO;
				DEBUG_INFORMATION_FORMAT = "dwarf-with-dsym";
				ENABLE_NS_ASSERTIONS = NO;
				ENABLE_STRICT_OBJC_MSGSEND = YES;
				GCC_C_LANGUAGE_STANDARD = gnu11;
				GCC_NO_COMMON_BLOCKS = YES;
				GCC_WARN_64_TO_32_BIT_CONVERSION = YES;
				GCC_WARN_ABOUT_RETURN_TYPE = YES_ERROR;
				GCC_WARN_UNDECLARED_SELECTOR = YES;
				GCC_WARN_UNINITIALIZED_AUTOS = YES_AGGRESSIVE;
				GCC_WARN_UNUSED_FUNCTION = YES;
				GCC_WARN_UNUSED_VARIABLE = YES;
				IPHONEOS_DEPLOYMENT_TARGET = 13.4;
				MTL_ENABLE_DEBUG_INFO = NO;
				MTL_FAST_MATH = YES;
				SDKROOT = iphoneos;
				SWIFT_COMPILATION_MODE = wholemodule;
				SWIFT_OPTIMIZATION_LEVEL = "-O";
				VALIDATE_PRODUCT = YES;
			};
			name = Release;
		};
		87EAA384243775E9002376B4 /* Debug */ = {
			isa = XCBuildConfiguration;
			buildSettings = {
				ASSETCATALOG_COMPILER_APPICON_NAME = AppIcon;
				CODE_SIGN_STYLE = Automatic;
				DEVELOPMENT_ASSET_PATHS = "\"Moonshot/Preview Content\"";
				DEVELOPMENT_TEAM = 5ULGQDYX3V;
				ENABLE_PREVIEWS = YES;
				INFOPLIST_FILE = Moonshot/Info.plist;
				LD_RUNPATH_SEARCH_PATHS = (
					"$(inherited)",
					"@executable_path/Frameworks",
				);
				PRODUCT_BUNDLE_IDENTIFIER = Reema.Moonshot;
				PRODUCT_NAME = "$(TARGET_NAME)";
				SWIFT_VERSION = 5.0;
				TARGETED_DEVICE_FAMILY = "1,2";
			};
			name = Debug;
		};
		87EAA385243775E9002376B4 /* Release */ = {
			isa = XCBuildConfiguration;
			buildSettings = {
				ASSETCATALOG_COMPILER_APPICON_NAME = AppIcon;
				CODE_SIGN_STYLE = Automatic;
				DEVELOPMENT_ASSET_PATHS = "\"Moonshot/Preview Content\"";
				DEVELOPMENT_TEAM = 5ULGQDYX3V;
				ENABLE_PREVIEWS = YES;
				INFOPLIST_FILE = Moonshot/Info.plist;
				LD_RUNPATH_SEARCH_PATHS = (
					"$(inherited)",
					"@executable_path/Frameworks",
				);
				PRODUCT_BUNDLE_IDENTIFIER = Reema.Moonshot;
				PRODUCT_NAME = "$(TARGET_NAME)";
				SWIFT_VERSION = 5.0;
				TARGETED_DEVICE_FAMILY = "1,2";
			};
			name = Release;
		};
/* End XCBuildConfiguration section */

/* Begin XCConfigurationList section */
		87EAA36A243775E6002376B4 /* Build configuration list for PBXProject "Moonshot" */ = {
			isa = XCConfigurationList;
			buildConfigurations = (
				87EAA381243775E9002376B4 /* Debug */,
				87EAA382243775E9002376B4 /* Release */,
			);
			defaultConfigurationIsVisible = 0;
			defaultConfigurationName = Release;
		};
		87EAA383243775E9002376B4 /* Build configuration list for PBXNativeTarget "Moonshot" */ = {
			isa = XCConfigurationList;
			buildConfigurations = (
				87EAA384243775E9002376B4 /* Debug */,
				87EAA385243775E9002376B4 /* Release */,
			);
			defaultConfigurationIsVisible = 0;
			defaultConfigurationName = Release;
		};
/* End XCConfigurationList section */
	};
	rootObject = 87EAA367243775E6002376B4 /* Project object */;
}
