// !$*UTF8*$!
{
	archiveVersion = 1;
	classes = {
	};
	objectVersion = 50;
	objects = {

/* Begin PBXBuildFile section */
		876BEDC02444B2D300072834 /* AddBookView.swift in Sources */ = {isa = PBXBuildFile; fileRef = 876BEDBF2444B2D300072834 /* AddBookView.swift */; };
		876BEDC22444B5AC00072834 /* RatingView.swift in Sources */ = {isa = PBXBuildFile; fileRef = 876BEDC12444B5AC00072834 /* RatingView.swift */; };
		876BEDC42444B71900072834 /* EmojiRatingView.swift in Sources */ = {isa = PBXBuildFile; fileRef = 876BEDC32444B71800072834 /* EmojiRatingView.swift */; };
		879DE6F624435C4F00233D3A /* AppDelegate.swift in Sources */ = {isa = PBXBuildFile; fileRef = 879DE6F524435C4F00233D3A /* AppDelegate.swift */; };
		879DE6F824435C4F00233D3A /* SceneDelegate.swift in Sources */ = {isa = PBXBuildFile; fileRef = 879DE6F724435C4F00233D3A /* SceneDelegate.swift */; };
		879DE6FB24435C4F00233D3A /* Bookworm.xcdatamodeld in Sources */ = {isa = PBXBuildFile; fileRef = 879DE6F924435C4F00233D3A /* Bookworm.xcdatamodeld */; };
		879DE6FD24435C4F00233D3A /* ContentView.swift in Sources */ = {isa = PBXBuildFile; fileRef = 879DE6FC24435C4F00233D3A /* ContentView.swift */; };
		879DE6FF24435C5300233D3A /* Assets.xcassets in Resources */ = {isa = PBXBuildFile; fileRef = 879DE6FE24435C5300233D3A /* Assets.xcassets */; };
		879DE70224435C5300233D3A /* Preview Assets.xcassets in Resources */ = {isa = PBXBuildFile; fileRef = 879DE70124435C5300233D3A /* Preview Assets.xcassets */; };
		879DE70524435C5300233D3A /* LaunchScreen.storyboard in Resources */ = {isa = PBXBuildFile; fileRef = 879DE70324435C5300233D3A /* LaunchScreen.storyboard */; };
		87D46946244F72D1007ABC32 /* DetailView.swift in Sources */ = {isa = PBXBuildFile; fileRef = 87D46945244F72D1007ABC32 /* DetailView.swift */; };
/* End PBXBuildFile section */

/* Begin PBXFileReference section */
		876BEDBF2444B2D300072834 /* AddBookView.swift */ = {isa = PBXFileReference; lastKnownFileType = sourcecode.swift; path = AddBookView.swift; sourceTree = "<group>"; };
		876BEDC12444B5AC00072834 /* RatingView.swift */ = {isa = PBXFileReference; lastKnownFileType = sourcecode.swift; path = RatingView.swift; sourceTree = "<group>"; };
		876BEDC32444B71800072834 /* EmojiRatingView.swift */ = {isa = PBXFileReference; lastKnownFileType = sourcecode.swift; path = EmojiRatingView.swift; sourceTree = "<group>"; };
		879DE6F224435C4F00233D3A /* Bookworm.app */ = {isa = PBXFileReference; explicitFileType = wrapper.application; includeInIndex = 0; path = Bookworm.app; sourceTree = BUILT_PRODUCTS_DIR; };
		879DE6F524435C4F00233D3A /* AppDelegate.swift */ = {isa = PBXFileReference; lastKnownFileType = sourcecode.swift; path = AppDelegate.swift; sourceTree = "<group>"; };
		879DE6F724435C4F00233D3A /* SceneDelegate.swift */ = {isa = PBXFileReference; lastKnownFileType = sourcecode.swift; path = SceneDelegate.swift; sourceTree = "<group>"; };
		879DE6FA24435C4F00233D3A /* Bookworm.xcdatamodel */ = {isa = PBXFileReference; lastKnownFileType = wrapper.xcdatamodel; path = Bookworm.xcdatamodel; sourceTree = "<group>"; };
		879DE6FC24435C4F00233D3A /* ContentView.swift */ = {isa = PBXFileReference; lastKnownFileType = sourcecode.swift; path = ContentView.swift; sourceTree = "<group>"; };
		879DE6FE24435C5300233D3A /* Assets.xcassets */ = {isa = PBXFileReference; lastKnownFileType = folder.assetcatalog; path = Assets.xcassets; sourceTree = "<group>"; };
		879DE70124435C5300233D3A /* Preview Assets.xcassets */ = {isa = PBXFileReference; lastKnownFileType = folder.assetcatalog; path = "Preview Assets.xcassets"; sourceTree = "<group>"; };
		879DE70424435C5300233D3A /* Base */ = {isa = PBXFileReference; lastKnownFileType = file.storyboard; name = Base; path = Base.lproj/LaunchScreen.storyboard; sourceTree = "<group>"; };
		879DE70624435C5300233D3A /* Info.plist */ = {isa = PBXFileReference; lastKnownFileType = text.plist.xml; path = Info.plist; sourceTree = "<group>"; };
		87D46945244F72D1007ABC32 /* DetailView.swift */ = {isa = PBXFileReference; lastKnownFileType = sourcecode.swift; path = DetailView.swift; sourceTree = "<group>"; };
/* End PBXFileReference section */

/* Begin PBXFrameworksBuildPhase section */
		879DE6EF24435C4F00233D3A /* Frameworks */ = {
			isa = PBXFrameworksBuildPhase;
			buildActionMask = 2147483647;
			files = (
			);
			runOnlyForDeploymentPostprocessing = 0;
		};
/* End PBXFrameworksBuildPhase section */

/* Begin PBXGroup section */
		879DE6E924435C4F00233D3A = {
			isa = PBXGroup;
			children = (
				879DE6F424435C4F00233D3A /* Bookworm */,
				879DE6F324435C4F00233D3A /* Products */,
			);
			sourceTree = "<group>";
		};
		879DE6F324435C4F00233D3A /* Products */ = {
			isa = PBXGroup;
			children = (
				879DE6F224435C4F00233D3A /* Bookworm.app */,
			);
			name = Products;
			sourceTree = "<group>";
		};
		879DE6F424435C4F00233D3A /* Bookworm */ = {
			isa = PBXGroup;
			children = (
				879DE6F524435C4F00233D3A /* AppDelegate.swift */,
				879DE6F724435C4F00233D3A /* SceneDelegate.swift */,
				879DE6FC24435C4F00233D3A /* ContentView.swift */,
				876BEDC32444B71800072834 /* EmojiRatingView.swift */,
				879DE6FE24435C5300233D3A /* Assets.xcassets */,
				879DE70324435C5300233D3A /* LaunchScreen.storyboard */,
				879DE70624435C5300233D3A /* Info.plist */,
				879DE6F924435C4F00233D3A /* Bookworm.xcdatamodeld */,
				876BEDBF2444B2D300072834 /* AddBookView.swift */,
				87D46945244F72D1007ABC32 /* DetailView.swift */,
				876BEDC12444B5AC00072834 /* RatingView.swift */,
				879DE70024435C5300233D3A /* Preview Content */,
			);
			path = Bookworm;
			sourceTree = "<group>";
		};
		879DE70024435C5300233D3A /* Preview Content */ = {
			isa = PBXGroup;
			children = (
				879DE70124435C5300233D3A /* Preview Assets.xcassets */,
			);
			path = "Preview Content";
			sourceTree = "<group>";
		};
/* End PBXGroup section */

/* Begin PBXNativeTarget section */
		879DE6F124435C4F00233D3A /* Bookworm */ = {
			isa = PBXNativeTarget;
			buildConfigurationList = 879DE70924435C5300233D3A /* Build configuration list for PBXNativeTarget "Bookworm" */;
			buildPhases = (
				879DE6EE24435C4F00233D3A /* Sources */,
				879DE6EF24435C4F00233D3A /* Frameworks */,
				879DE6F024435C4F00233D3A /* Resources */,
			);
			buildRules = (
			);
			dependencies = (
			);
			name = Bookworm;
			productName = Bookworm;
			productReference = 879DE6F224435C4F00233D3A /* Bookworm.app */;
			productType = "com.apple.product-type.application";
		};
/* End PBXNativeTarget section */

/* Begin PBXProject section */
		879DE6EA24435C4F00233D3A /* Project object */ = {
			isa = PBXProject;
			attributes = {
				LastSwiftUpdateCheck = 1140;
				LastUpgradeCheck = 1140;
				ORGANIZATIONNAME = Reema;
				TargetAttributes = {
					879DE6F124435C4F00233D3A = {
						CreatedOnToolsVersion = 11.4;
					};
				};
			};
			buildConfigurationList = 879DE6ED24435C4F00233D3A /* Build configuration list for PBXProject "Bookworm" */;
			compatibilityVersion = "Xcode 9.3";
			developmentRegion = en;
			hasScannedForEncodings = 0;
			knownRegions = (
				en,
				Base,
			);
			mainGroup = 879DE6E924435C4F00233D3A;
			productRefGroup = 879DE6F324435C4F00233D3A /* Products */;
			projectDirPath = "";
			projectRoot = "";
			targets = (
				879DE6F124435C4F00233D3A /* Bookworm */,
			);
		};
/* End PBXProject section */

/* Begin PBXResourcesBuildPhase section */
		879DE6F024435C4F00233D3A /* Resources */ = {
			isa = PBXResourcesBuildPhase;
			buildActionMask = 2147483647;
			files = (
				879DE70524435C5300233D3A /* LaunchScreen.storyboard in Resources */,
				879DE70224435C5300233D3A /* Preview Assets.xcassets in Resources */,
				879DE6FF24435C5300233D3A /* Assets.xcassets in Resources */,
			);
			runOnlyForDeploymentPostprocessing = 0;
		};
/* End PBXResourcesBuildPhase section */

/* Begin PBXSourcesBuildPhase section */
		879DE6EE24435C4F00233D3A /* Sources */ = {
			isa = PBXSourcesBuildPhase;
			buildActionMask = 2147483647;
			files = (
				879DE6F624435C4F00233D3A /* AppDelegate.swift in Sources */,
				87D46946244F72D1007ABC32 /* DetailView.swift in Sources */,
				879DE6FB24435C4F00233D3A /* Bookworm.xcdatamodeld in Sources */,
				876BEDC42444B71900072834 /* EmojiRatingView.swift in Sources */,
				879DE6FD24435C4F00233D3A /* ContentView.swift in Sources */,
				876BEDC22444B5AC00072834 /* RatingView.swift in Sources */,
				879DE6F824435C4F00233D3A /* SceneDelegate.swift in Sources */,
				876BEDC02444B2D300072834 /* AddBookView.swift in Sources */,
			);
			runOnlyForDeploymentPostprocessing = 0;
		};
/* End PBXSourcesBuildPhase section */

/* Begin PBXVariantGroup section */
		879DE70324435C5300233D3A /* LaunchScreen.storyboard */ = {
			isa = PBXVariantGroup;
			children = (
				879DE70424435C5300233D3A /* Base */,
			);
			name = LaunchScreen.storyboard;
			sourceTree = "<group>";
		};
/* End PBXVariantGroup section */

/* Begin XCBuildConfiguration section */
		879DE70724435C5300233D3A /* Debug */ = {
			isa = XCBuildConfiguration;
			buildSettings = {
				ALWAYS_SEARCH_USER_PATHS = NO;
				CLANG_ANALYZER_NONNULL = YES;
				CLANG_ANALYZER_NUMBER_OBJECT_CONVERSION = YES_AGGRESSIVE;
				CLANG_CXX_LANGUAGE_STANDARD = "gnu++14";
				CLANG_CXX_LIBRARY = "libc++";
				CLANG_ENABLE_MODULES = YES;
				CLANG_ENABLE_OBJC_ARC = YES;
				CLANG_ENABLE_OBJC_WEAK = YES;
				CLANG_WARN_BLOCK_CAPTURE_AUTORELEASING = YES;
				CLANG_WARN_BOOL_CONVERSION = YES;
				CLANG_WARN_COMMA = YES;
				CLANG_WARN_CONSTANT_CONVERSION = YES;
				CLANG_WARN_DEPRECATED_OBJC_IMPLEMENTATIONS = YES;
				CLANG_WARN_DIRECT_OBJC_ISA_USAGE = YES_ERROR;
				CLANG_WARN_DOCUMENTATION_COMMENTS = YES;
				CLANG_WARN_EMPTY_BODY = YES;
				CLANG_WARN_ENUM_CONVERSION = YES;
				CLANG_WARN_INFINITE_RECURSION = YES;
				CLANG_WARN_INT_CONVERSION = YES;
				CLANG_WARN_NON_LITERAL_NULL_CONVERSION = YES;
				CLANG_WARN_OBJC_IMPLICIT_RETAIN_SELF = YES;
				CLANG_WARN_OBJC_LITERAL_CONVERSION = YES;
				CLANG_WARN_OBJC_ROOT_CLASS = YES_ERROR;
				CLANG_WARN_RANGE_LOOP_ANALYSIS = YES;
				CLANG_WARN_STRICT_PROTOTYPES = YES;
				CLANG_WARN_SUSPICIOUS_MOVE = YES;
				CLANG_WARN_UNGUARDED_AVAILABILITY = YES_AGGRESSIVE;
				CLANG_WARN_UNREACHABLE_CODE = YES;
				CLANG_WARN__DUPLICATE_METHOD_MATCH = YES;
				COPY_PHASE_STRIP = NO;
				DEBUG_INFORMATION_FORMAT = dwarf;
				ENABLE_STRICT_OBJC_MSGSEND = YES;
				ENABLE_TESTABILITY = YES;
				GCC_C_LANGUAGE_STANDARD = gnu11;
				GCC_DYNAMIC_NO_PIC = NO;
				GCC_NO_COMMON_BLOCKS = YES;
				GCC_OPTIMIZATION_LEVEL = 0;
				GCC_PREPROCESSOR_DEFINITIONS = (
					"DEBUG=1",
					"$(inherited)",
				);
				GCC_WARN_64_TO_32_BIT_CONVERSION = YES;
				GCC_WARN_ABOUT_RETURN_TYPE = YES_ERROR;
				GCC_WARN_UNDECLARED_SELECTOR = YES;
				GCC_WARN_UNINITIALIZED_AUTOS = YES_AGGRESSIVE;
				GCC_WARN_UNUSED_FUNCTION = YES;
				GCC_WARN_UNUSED_VARIABLE = YES;
				IPHONEOS_DEPLOYMENT_TARGET = 13.4;
				MTL_ENABLE_DEBUG_INFO = INCLUDE_SOURCE;
				MTL_FAST_MATH = YES;
				ONLY_ACTIVE_ARCH = YES;
				SDKROOT = iphoneos;
				SWIFT_ACTIVE_COMPILATION_CONDITIONS = DEBUG;
				SWIFT_OPTIMIZATION_LEVEL = "-Onone";
			};
			name = Debug;
		};
		879DE70824435C5300233D3A /* Release */ = {
			isa = XCBuildConfiguration;
			buildSettings = {
				ALWAYS_SEARCH_USER_PATHS = NO;
				CLANG_ANALYZER_NONNULL = YES;
				CLANG_ANALYZER_NUMBER_OBJECT_CONVERSION = YES_AGGRESSIVE;
				CLANG_CXX_LANGUAGE_STANDARD = "gnu++14";
				CLANG_CXX_LIBRARY = "libc++";
				CLANG_ENABLE_MODULES = YES;
				CLANG_ENABLE_OBJC_ARC = YES;
				CLANG_ENABLE_OBJC_WEAK = YES;
				CLANG_WARN_BLOCK_CAPTURE_AUTORELEASING = YES;
				CLANG_WARN_BOOL_CONVERSION = YES;
				CLANG_WARN_COMMA = YES;
				CLANG_WARN_CONSTANT_CONVERSION = YES;
				CLANG_WARN_DEPRECATED_OBJC_IMPLEMENTATIONS = YES;
				CLANG_WARN_DIRECT_OBJC_ISA_USAGE = YES_ERROR;
				CLANG_WARN_DOCUMENTATION_COMMENTS = YES;
				CLANG_WARN_EMPTY_BODY = YES;
				CLANG_WARN_ENUM_CONVERSION = YES;
				CLANG_WARN_INFINITE_RECURSION = YES;
				CLANG_WARN_INT_CONVERSION = YES;
				CLANG_WARN_NON_LITERAL_NULL_CONVERSION = YES;
				CLANG_WARN_OBJC_IMPLICIT_RETAIN_SELF = YES;
				CLANG_WARN_OBJC_LITERAL_CONVERSION = YES;
				CLANG_WARN_OBJC_ROOT_CLASS = YES_ERROR;
				CLANG_WARN_RANGE_LOOP_ANALYSIS = YES;
				CLANG_WARN_STRICT_PROTOTYPES = YES;
				CLANG_WARN_SUSPICIOUS_MOVE = YES;
				CLANG_WARN_UNGUARDED_AVAILABILITY = YES_AGGRESSIVE;
				CLANG_WARN_UNREACHABLE_CODE = YES;
				CLANG_WARN__DUPLICATE_METHOD_MATCH = YES;
				COPY_PHASE_STRIP = NO;
				DEBUG_INFORMATION_FORMAT = "dwarf-with-dsym";
				ENABLE_NS_ASSERTIONS = NO;
				ENABLE_STRICT_OBJC_MSGSEND = YES;
				GCC_C_LANGUAGE_STANDARD = gnu11;
				GCC_NO_COMMON_BLOCKS = YES;
				GCC_WARN_64_TO_32_BIT_CONVERSION = YES;
				GCC_WARN_ABOUT_RETURN_TYPE = YES_ERROR;
				GCC_WARN_UNDECLARED_SELECTOR = YES;
				GCC_WARN_UNINITIALIZED_AUTOS = YES_AGGRESSIVE;
				GCC_WARN_UNUSED_FUNCTION = YES;
				GCC_WARN_UNUSED_VARIABLE = YES;
				IPHONEOS_DEPLOYMENT_TARGET = 13.4;
				MTL_ENABLE_DEBUG_INFO = NO;
				MTL_FAST_MATH = YES;
				SDKROOT = iphoneos;
				SWIFT_COMPILATION_MODE = wholemodule;
				SWIFT_OPTIMIZATION_LEVEL = "-O";
				VALIDATE_PRODUCT = YES;
			};
			name = Release;
		};
		879DE70A24435C5300233D3A /* Debug */ = {
			isa = XCBuildConfiguration;
			buildSettings = {
				ASSETCATALOG_COMPILER_APPICON_NAME = AppIcon;
				CODE_SIGN_STYLE = Automatic;
				DEVELOPMENT_ASSET_PATHS = "\"Bookworm/Preview Content\"";
				DEVELOPMENT_TEAM = 5ULGQDYX3V;
				ENABLE_PREVIEWS = YES;
				INFOPLIST_FILE = Bookworm/Info.plist;
				LD_RUNPATH_SEARCH_PATHS = (
					"$(inherited)",
					"@executable_path/Frameworks",
				);
				PRODUCT_BUNDLE_IDENTIFIER = Reema.Bookworm;
				PRODUCT_NAME = "$(TARGET_NAME)";
				SWIFT_VERSION = 5.0;
				TARGETED_DEVICE_FAMILY = "1,2";
			};
			name = Debug;
		};
		879DE70B24435C5300233D3A /* Release */ = {
			isa = XCBuildConfiguration;
			buildSettings = {
				ASSETCATALOG_COMPILER_APPICON_NAME = AppIcon;
				CODE_SIGN_STYLE = Automatic;
				DEVELOPMENT_ASSET_PATHS = "\"Bookworm/Preview Content\"";
				DEVELOPMENT_TEAM = 5ULGQDYX3V;
				ENABLE_PREVIEWS = YES;
				INFOPLIST_FILE = Bookworm/Info.plist;
				LD_RUNPATH_SEARCH_PATHS = (
					"$(inherited)",
					"@executable_path/Frameworks",
				);
				PRODUCT_BUNDLE_IDENTIFIER = Reema.Bookworm;
				PRODUCT_NAME = "$(TARGET_NAME)";
				SWIFT_VERSION = 5.0;
				TARGETED_DEVICE_FAMILY = "1,2";
			};
			name = Release;
		};
/* End XCBuildConfiguration section */

/* Begin XCConfigurationList section */
		879DE6ED24435C4F00233D3A /* Build configuration list for PBXProject "Bookworm" */ = {
			isa = XCConfigurationList;
			buildConfigurations = (
				879DE70724435C5300233D3A /* Debug */,
				879DE70824435C5300233D3A /* Release */,
			);
			defaultConfigurationIsVisible = 0;
			defaultConfigurationName = Release;
		};
		879DE70924435C5300233D3A /* Build configuration list for PBXNativeTarget "Bookworm" */ = {
			isa = XCConfigurationList;
			buildConfigurations = (
				879DE70A24435C5300233D3A /* Debug */,
				879DE70B24435C5300233D3A /* Release */,
			);
			defaultConfigurationIsVisible = 0;
			defaultConfigurationName = Release;
		};
/* End XCConfigurationList section */

/* Begin XCVersionGroup section */
		879DE6F924435C4F00233D3A /* Bookworm.xcdatamodeld */ = {
			isa = XCVersionGroup;
			children = (
				879DE6FA24435C4F00233D3A /* Bookworm.xcdatamodel */,
			);
			currentVersion = 879DE6FA24435C4F00233D3A /* Bookworm.xcdatamodel */;
			path = Bookworm.xcdatamodeld;
			sourceTree = "<group>";
			versionGroupType = wrapper.xcdatamodel;
		};
/* End XCVersionGroup section */
	};
	rootObject = 879DE6EA24435C4F00233D3A /* Project object */;
}
